
Microsoft Visual Studio Solution File, Format Version 12.00
# Visual Studio Version 17
VisualStudioVersion = 17.5.002.0
MinimumVisualStudioVersion = 10.0.40219.1
Project("{9A19103F-16F7-4668-BE54-9A1E7A4F7556}") = "08", "08.csproj", "{ACD73F03-F5C2-40E7-92A5-872F5C4A8DAB}"
EndProject
Global
	GlobalSection(SolutionConfigurationPlatforms) = preSolution
		Debug|Any CPU = Debug|Any CPU
		Release|Any CPU = Release|Any CPU
	EndGlobalSection
	GlobalSection(ProjectConfigurationPlatforms) = postSolution
		{ACD73F03-F5C2-40E7-92A5-872F5C4A8DAB}.Debug|Any CPU.ActiveCfg = Debug|Any CPU
		{ACD73F03-F5C2-40E7-92A5-872F5C4A8DAB}.Debug|Any CPU.Build.0 = Debug|Any CPU
		{ACD73F03-F5C2-40E7-92A5-872F5C4A8DAB}.Release|Any CPU.ActiveCfg = Release|Any CPU
		{ACD73F03-F5C2-40E7-92A5-872F5C4A8DAB}.Release|Any CPU.Build.0 = Release|Any CPU
	EndGlobalSection
	GlobalSection(SolutionProperties) = preSolution
		HideSolutionNode = FALSE
	EndGlobalSection
	GlobalSection(ExtensibilityGlobals) = postSolution
		SolutionGuid = {4BE68377-7FBE-4132-A753-43C128687894}
	EndGlobalSection
EndGlobal
