
Microsoft Visual Studio Solution File, Format Version 12.00
# Visual Studio Version 17
VisualStudioVersion = 17.5.002.0
MinimumVisualStudioVersion = 10.0.40219.1
Project("{9A19103F-16F7-4668-BE54-9A1E7A4F7556}") = "baekjoon_2789", "baekjoon_2789.csproj", "{014B7721-0E0E-4859-8CE6-BBA84D375BCC}"
EndProject
Global
	GlobalSection(SolutionConfigurationPlatforms) = preSolution
		Debug|Any CPU = Debug|Any CPU
		Release|Any CPU = Release|Any CPU
	EndGlobalSection
	GlobalSection(ProjectConfigurationPlatforms) = postSolution
		{014B7721-0E0E-4859-8CE6-BBA84D375BCC}.Debug|Any CPU.ActiveCfg = Debug|Any CPU
		{014B7721-0E0E-4859-8CE6-BBA84D375BCC}.Debug|Any CPU.Build.0 = Debug|Any CPU
		{014B7721-0E0E-4859-8CE6-BBA84D375BCC}.Release|Any CPU.ActiveCfg = Release|Any CPU
		{014B7721-0E0E-4859-8CE6-BBA84D375BCC}.Release|Any CPU.Build.0 = Release|Any CPU
	EndGlobalSection
	GlobalSection(SolutionProperties) = preSolution
		HideSolutionNode = FALSE
	EndGlobalSection
	GlobalSection(ExtensibilityGlobals) = postSolution
		SolutionGuid = {F638D01D-E2B4-43DA-BACE-D69B7E209BDF}
	EndGlobalSection
EndGlobal
